Microsoft Visual Studio Solution File, Format Version 12.00
# Visual Studio Version 17
VisualStudioVersion = 17.3.32825.248
MinimumVisualStudioVersion = 10.0.40219.1
Project("{FAE04EC0-301F-11D3-BF4B-00C04F79EFBC}") = "Library", "src\Library\Library.csproj", "{24361E4F-5C04-461B-9F9F-282BBD10B30F}"
EndProject
Project("{2150E333-8FDC-42A3-9474-1A3956D46DE8}") = "Solution Items", "Solution Items", "{E4D7A95D-AEAD-4B22-B232-A3F4705B32B9}"
	ProjectSection(SolutionItems) = preProject
		Directory.Build.props = Directory.Build.props
		Directory.Build.targets = Directory.Build.targets
		global.json = global.json
		LICENSE = LICENSE
		README.md = README.md
		stylecop.json = stylecop.json
	EndProjectSection
EndProject
Project("{2150E333-8FDC-42A3-9474-1A3956D46DE8}") = "Github", "Github", "{36EE7AB1-6AFD-46C9-BDCC-A602637D9ECF}"
	ProjectSection(SolutionItems) = preProject
		.github\dependabot.yml = .github\dependabot.yml
		.github\gitversion.yml = .github\gitversion.yml
		.github\pr-labeler.yml = .github\pr-labeler.yml
	EndProjectSection
EndProject
Project("{2150E333-8FDC-42A3-9474-1A3956D46DE8}") = "workflows", "workflows", "{AD999CF2-18E2-44A8-B456-4A675438047B}"
	ProjectSection(SolutionItems) = preProject
		.github\workflows\on-merge-pr.yml = .github\workflows\on-merge-pr.yml
		.github\workflows\on-pull-request.yml = .github\workflows\on-pull-request.yml
	EndProjectSection
EndProject
Global
	GlobalSection(SolutionConfigurationPlatforms) = preSolution
		Debug|Any CPU = Debug|Any CPU
		Release|Any CPU = Release|Any CPU
	EndGlobalSection
	GlobalSection(ProjectConfigurationPlatforms) = postSolution
		{24361E4F-5C04-461B-9F9F-282BBD10B30F}.Debug|Any CPU.ActiveCfg = Debug|Any CPU
		{24361E4F-5C04-461B-9F9F-282BBD10B30F}.Debug|Any CPU.Build.0 = Debug|Any CPU
		{24361E4F-5C04-461B-9F9F-282BBD10B30F}.Release|Any CPU.ActiveCfg = Release|Any CPU
		{24361E4F-5C04-461B-9F9F-282BBD10B30F}.Release|Any CPU.Build.0 = Release|Any CPU
	EndGlobalSection
	GlobalSection(SolutionProperties) = preSolution
		HideSolutionNode = FALSE
	EndGlobalSection
	GlobalSection(NestedProjects) = preSolution
		{36EE7AB1-6AFD-46C9-BDCC-A602637D9ECF} = {E4D7A95D-AEAD-4B22-B232-A3F4705B32B9}
		{AD999CF2-18E2-44A8-B456-4A675438047B} = {36EE7AB1-6AFD-46C9-BDCC-A602637D9ECF}
	EndGlobalSection
	GlobalSection(ExtensibilityGlobals) = postSolution
		SolutionGuid = {3B2F59F0-7149-4FF1-BF84-43FFFBC1622E}
	EndGlobalSection
EndGlobal
